
Microsoft Visual Studio Solution File, Format Version 12.00
# Visual Studio Version 17
VisualStudioVersion = 17.14.37012.4 d17.14
MinimumVisualStudioVersion = 10.0.40219.1
Project("{FAE04EC0-301F-11D3-BF4B-00C04F79EFBC}") = "FoodPay.API", "FoodPay.API\FoodPay.API.csproj", "{ACAFC8F9-CBEF-4B80-BFEC-3662E7BA2788}"
EndProject
Global
	GlobalSection(SolutionConfigurationPlatforms) = preSolution
		Debug|Any CPU = Debug|Any CPU
		Release|Any CPU = Release|Any CPU
	EndGlobalSection
	GlobalSection(ProjectConfigurationPlatforms) = postSolution
		{ACAFC8F9-CBEF-4B80-BFEC-3662E7BA2788}.Debug|Any CPU.ActiveCfg = Debug|Any CPU
		{ACAFC8F9-CBEF-4B80-BFEC-3662E7BA2788}.Debug|Any CPU.Build.0 = Debug|Any CPU
		{ACAFC8F9-CBEF-4B80-BFEC-3662E7BA2788}.Release|Any CPU.ActiveCfg = Release|Any CPU
		{ACAFC8F9-CBEF-4B80-BFEC-3662E7BA2788}.Release|Any CPU.Build.0 = Release|Any CPU
	EndGlobalSection
	GlobalSection(SolutionProperties) = preSolution
		HideSolutionNode = FALSE
	EndGlobalSection
	GlobalSection(ExtensibilityGlobals) = postSolution
		SolutionGuid = {1B3B1B03-A8E7-4A06-86B6-E643861B2467}
	EndGlobalSection
EndGlobal
